
Microsoft Visual Studio Solution File, Format Version 12.00
# Visual Studio Version 17
VisualStudioVersion = 17.6.33815.320
MinimumVisualStudioVersion = 10.0.40219.1
Project("{2150E333-8FDC-42A3-9474-1A3956D46DE8}") = "Services", "Services", "{359DE6F9-BE7C-4C21-83E2-5C2D222FD6E7}"
EndProject
Project("{2150E333-8FDC-42A3-9474-1A3956D46DE8}") = "Catalog", "Catalog", "{719AEF9B-E2BD-4456-BF18-14CD54DC5216}"
EndProject
Project("{9A19103F-16F7-4668-BE54-9A1E7A4F7556}") = "Catalog.API", "src\Services\Catalog\Catalog.API\Catalog.API.csproj", "{DBC79B3F-2515-4CDF-AF43-FD77AA2CDF2F}"
	ProjectSection(ProjectDependencies) = postProject
		{19FED166-C761-4033-B6A3-C339D3709108} = {19FED166-C761-4033-B6A3-C339D3709108}
	EndProjectSection
EndProject
Project("{2150E333-8FDC-42A3-9474-1A3956D46DE8}") = "Basket", "Basket", "{4EAE5608-5CD2-4A63-B384-8011BABC7AD7}"
EndProject
Project("{9A19103F-16F7-4668-BE54-9A1E7A4F7556}") = "Basket.API", "src\Services\Basket\Basket.API\Basket.API.csproj", "{3E97A936-F2CA-4B7A-BD53-0101EE89D19A}"
	ProjectSection(ProjectDependencies) = postProject
		{19FED166-C761-4033-B6A3-C339D3709108} = {19FED166-C761-4033-B6A3-C339D3709108}
	EndProjectSection
EndProject
Project("{9A19103F-16F7-4668-BE54-9A1E7A4F7556}") = "Core", "src\BuildingBlocks\Core\Core.csproj", "{19FED166-C761-4033-B6A3-C339D3709108}"
EndProject
Project("{2150E333-8FDC-42A3-9474-1A3956D46DE8}") = "Discount", "Discount", "{D70277AF-522A-4905-8A76-3B2DFFC92148}"
EndProject
Project("{9A19103F-16F7-4668-BE54-9A1E7A4F7556}") = "Discount.API", "src\Services\Discount\Discount.API\Discount.API.csproj", "{58B4389E-A0DE-484F-8633-055E661B8ADC}"
EndProject
Project("{9A19103F-16F7-4668-BE54-9A1E7A4F7556}") = "Discount.Grpc", "src\Services\Discount\Discount.Grpc\Discount.Grpc.csproj", "{F3DF759B-AA96-47E9-9BCA-8D21CD1584E4}"
EndProject
Project("{9A19103F-16F7-4668-BE54-9A1E7A4F7556}") = "Discount.Domain", "src\Services\Discount\Discount.Domain\Discount.Domain.csproj", "{A66DB3D4-2F9B-4833-B4CB-E957B8F360E6}"
EndProject
Project("{9A19103F-16F7-4668-BE54-9A1E7A4F7556}") = "Discount.Application", "src\Services\Discount\Discount.Application\Discount.Application.csproj", "{DBF04E49-D80A-4CA8-9536-385112CF81F2}"
EndProject
Project("{9A19103F-16F7-4668-BE54-9A1E7A4F7556}") = "Discount.Infra", "src\Services\Discount\Discount.Infra\Discount.Infra.csproj", "{FDC3735D-7767-4A76-91C7-A535BE683C12}"
EndProject
Project("{2150E333-8FDC-42A3-9474-1A3956D46DE8}") = "Order", "Order", "{11563044-F8BD-45EC-9726-1BDDD2E43FF7}"
EndProject
Project("{9A19103F-16F7-4668-BE54-9A1E7A4F7556}") = "Order.Domain", "src\Services\Order\Order.Domain\Order.Domain.csproj", "{6358F502-0EA2-46BD-B7B1-1EEB41CBC9F4}"
EndProject
Project("{9A19103F-16F7-4668-BE54-9A1E7A4F7556}") = "Order.Application", "src\Services\Order\Order.Application\Order.Application.csproj", "{EA04C1AB-9EFC-40D5-8EBA-BEF763EE663C}"
EndProject
Project("{9A19103F-16F7-4668-BE54-9A1E7A4F7556}") = "Order.Infra", "src\Services\Order\Order.Infra\Order.Infra.csproj", "{C27AEAD5-8ACD-4303-894C-49EA4E75B04A}"
EndProject
Project("{9A19103F-16F7-4668-BE54-9A1E7A4F7556}") = "Order.API", "src\Services\Order\Order.API\Order.API.csproj", "{70D3ECC6-65EC-4006-AA41-85896CC6B258}"
EndProject
Project("{2150E333-8FDC-42A3-9474-1A3956D46DE8}") = "BuildingBlocks", "BuildingBlocks", "{5307C6B0-4876-4446-BEA4-34B175F176A3}"
EndProject
Project("{9A19103F-16F7-4668-BE54-9A1E7A4F7556}") = "EventBus.Messages", "src\BuildingBlocks\EventBus.Messages\EventBus.Messages.csproj", "{58DB3DDF-4094-4F55-B419-968A6BACED52}"
EndProject
Project("{2150E333-8FDC-42A3-9474-1A3956D46DE8}") = "ApiGateways", "ApiGateways", "{80AB551D-7443-48D4-A304-072787EECBC9}"
EndProject
Project("{9A19103F-16F7-4668-BE54-9A1E7A4F7556}") = "OcelotApiGateway", "src\ApiGateways\OcelotApiGateway\OcelotApiGateway.csproj", "{5CA5B3BE-9703-4F09-A42B-9795C113180F}"
EndProject
Project("{9A19103F-16F7-4668-BE54-9A1E7A4F7556}") = "Shopping.Aggregator", "src\ApiGateways\Shopping.Aggregator\Shopping.Aggregator.csproj", "{DDFC77F9-FD9F-43B7-98D0-489978CD3E8E}"
EndProject
Project("{2150E333-8FDC-42A3-9474-1A3956D46DE8}") = "WebApps", "WebApps", "{4400B70E-A08E-4732-B88E-9888B7A59251}"
EndProject
Project("{9A19103F-16F7-4668-BE54-9A1E7A4F7556}") = "AspNetRazor", "src\WebApps\AspNetRazor\AspNetRazor.csproj", "{DDACF2A6-B81F-4C61-8545-F3740E5FFC34}"
EndProject
Project("{9A19103F-16F7-4668-BE54-9A1E7A4F7556}") = "AspNetCoreMVC", "src\WebApps\AspNetCoreMVC\AspNetCoreMVC.csproj", "{DA5FDF9F-CBEB-4E55-B1D8-981D97999EB4}"
EndProject
Project("{2150E333-8FDC-42A3-9474-1A3956D46DE8}") = "Identity", "Identity", "{1008D1F8-98B7-4082-97A0-D35FA16DE084}"
EndProject
Project("{9A19103F-16F7-4668-BE54-9A1E7A4F7556}") = "IdentityServer", "src\Services\Identity\Identity\IdentityServer.csproj", "{17911799-8F64-4F1A-A669-9E911F9524BE}"
EndProject
Project("{2150E333-8FDC-42A3-9474-1A3956D46DE8}") = "Register", "Register", "{2146BBAA-9CB3-427D-ABF9-AC36CE07E4D3}"
EndProject
Project("{9A19103F-16F7-4668-BE54-9A1E7A4F7556}") = "Register.API", "src\Services\Register\Register.API\Register.API.csproj", "{355D96E5-7FFA-4A78-9098-7D50FE86BC36}"
EndProject
Project("{9A19103F-16F7-4668-BE54-9A1E7A4F7556}") = "Register.Application", "src\Services\Register\Register.Application\Register.Application.csproj", "{1A893B5B-FB9A-43E5-82E4-C2BF58A00EB3}"
EndProject
Project("{9A19103F-16F7-4668-BE54-9A1E7A4F7556}") = "Register.Infra", "src\Services\Register\Register.Infra\Register.Infra.csproj", "{8099DFDE-0587-4079-BE6D-94B147565D98}"
EndProject
Project("{2150E333-8FDC-42A3-9474-1A3956D46DE8}") = "src", "src", "{BD439EB7-ED82-4425-98C4-A1E0336FC1DF}"
EndProject
Project("{2150E333-8FDC-42A3-9474-1A3956D46DE8}") = "docker", "docker", "{F5B66BA9-C5B7-4472-BC01-3F1A13B42AA3}"
EndProject
Project("{E53339B2-1760-4266-BCC7-CA923CBCF16C}") = "docker-compose", "docker\docker-compose.dcproj", "{5B6F51FB-D30C-4699-8C31-37579DE6D5AC}"
EndProject
Global
	GlobalSection(SolutionConfigurationPlatforms) = preSolution
		Debug|Any CPU = Debug|Any CPU
		Release|Any CPU = Release|Any CPU
	EndGlobalSection
	GlobalSection(ProjectConfigurationPlatforms) = postSolution
		{DBC79B3F-2515-4CDF-AF43-FD77AA2CDF2F}.Debug|Any CPU.ActiveCfg = Debug|Any CPU
		{DBC79B3F-2515-4CDF-AF43-FD77AA2CDF2F}.Debug|Any CPU.Build.0 = Debug|Any CPU
		{DBC79B3F-2515-4CDF-AF43-FD77AA2CDF2F}.Release|Any CPU.ActiveCfg = Release|Any CPU
		{DBC79B3F-2515-4CDF-AF43-FD77AA2CDF2F}.Release|Any CPU.Build.0 = Release|Any CPU
		{3E97A936-F2CA-4B7A-BD53-0101EE89D19A}.Debug|Any CPU.ActiveCfg = Debug|Any CPU
		{3E97A936-F2CA-4B7A-BD53-0101EE89D19A}.Debug|Any CPU.Build.0 = Debug|Any CPU
		{3E97A936-F2CA-4B7A-BD53-0101EE89D19A}.Release|Any CPU.ActiveCfg = Release|Any CPU
		{3E97A936-F2CA-4B7A-BD53-0101EE89D19A}.Release|Any CPU.Build.0 = Release|Any CPU
		{19FED166-C761-4033-B6A3-C339D3709108}.Debug|Any CPU.ActiveCfg = Debug|Any CPU
		{19FED166-C761-4033-B6A3-C339D3709108}.Debug|Any CPU.Build.0 = Debug|Any CPU
		{19FED166-C761-4033-B6A3-C339D3709108}.Release|Any CPU.ActiveCfg = Release|Any CPU
		{19FED166-C761-4033-B6A3-C339D3709108}.Release|Any CPU.Build.0 = Release|Any CPU
		{58B4389E-A0DE-484F-8633-055E661B8ADC}.Debug|Any CPU.ActiveCfg = Debug|Any CPU
		{58B4389E-A0DE-484F-8633-055E661B8ADC}.Debug|Any CPU.Build.0 = Debug|Any CPU
		{58B4389E-A0DE-484F-8633-055E661B8ADC}.Release|Any CPU.ActiveCfg = Release|Any CPU
		{58B4389E-A0DE-484F-8633-055E661B8ADC}.Release|Any CPU.Build.0 = Release|Any CPU
		{F3DF759B-AA96-47E9-9BCA-8D21CD1584E4}.Debug|Any CPU.ActiveCfg = Debug|Any CPU
		{F3DF759B-AA96-47E9-9BCA-8D21CD1584E4}.Debug|Any CPU.Build.0 = Debug|Any CPU
		{F3DF759B-AA96-47E9-9BCA-8D21CD1584E4}.Release|Any CPU.ActiveCfg = Release|Any CPU
		{F3DF759B-AA96-47E9-9BCA-8D21CD1584E4}.Release|Any CPU.Build.0 = Release|Any CPU
		{A66DB3D4-2F9B-4833-B4CB-E957B8F360E6}.Debug|Any CPU.ActiveCfg = Debug|Any CPU
		{A66DB3D4-2F9B-4833-B4CB-E957B8F360E6}.Debug|Any CPU.Build.0 = Debug|Any CPU
		{A66DB3D4-2F9B-4833-B4CB-E957B8F360E6}.Release|Any CPU.ActiveCfg = Release|Any CPU
		{A66DB3D4-2F9B-4833-B4CB-E957B8F360E6}.Release|Any CPU.Build.0 = Release|Any CPU
		{DBF04E49-D80A-4CA8-9536-385112CF81F2}.Debug|Any CPU.ActiveCfg = Debug|Any CPU
		{DBF04E49-D80A-4CA8-9536-385112CF81F2}.Debug|Any CPU.Build.0 = Debug|Any CPU
		{DBF04E49-D80A-4CA8-9536-385112CF81F2}.Release|Any CPU.ActiveCfg = Release|Any CPU
		{DBF04E49-D80A-4CA8-9536-385112CF81F2}.Release|Any CPU.Build.0 = Release|Any CPU
		{FDC3735D-7767-4A76-91C7-A535BE683C12}.Debug|Any CPU.ActiveCfg = Debug|Any CPU
		{FDC3735D-7767-4A76-91C7-A535BE683C12}.Debug|Any CPU.Build.0 = Debug|Any CPU
		{FDC3735D-7767-4A76-91C7-A535BE683C12}.Release|Any CPU.ActiveCfg = Release|Any CPU
		{FDC3735D-7767-4A76-91C7-A535BE683C12}.Release|Any CPU.Build.0 = Release|Any CPU
		{6358F502-0EA2-46BD-B7B1-1EEB41CBC9F4}.Debug|Any CPU.ActiveCfg = Debug|Any CPU
		{6358F502-0EA2-46BD-B7B1-1EEB41CBC9F4}.Debug|Any CPU.Build.0 = Debug|Any CPU
		{6358F502-0EA2-46BD-B7B1-1EEB41CBC9F4}.Release|Any CPU.ActiveCfg = Release|Any CPU
		{6358F502-0EA2-46BD-B7B1-1EEB41CBC9F4}.Release|Any CPU.Build.0 = Release|Any CPU
		{EA04C1AB-9EFC-40D5-8EBA-BEF763EE663C}.Debug|Any CPU.ActiveCfg = Debug|Any CPU
		{EA04C1AB-9EFC-40D5-8EBA-BEF763EE663C}.Debug|Any CPU.Build.0 = Debug|Any CPU
		{EA04C1AB-9EFC-40D5-8EBA-BEF763EE663C}.Release|Any CPU.ActiveCfg = Release|Any CPU
		{EA04C1AB-9EFC-40D5-8EBA-BEF763EE663C}.Release|Any CPU.Build.0 = Release|Any CPU
		{C27AEAD5-8ACD-4303-894C-49EA4E75B04A}.Debug|Any CPU.ActiveCfg = Debug|Any CPU
		{C27AEAD5-8ACD-4303-894C-49EA4E75B04A}.Debug|Any CPU.Build.0 = Debug|Any CPU
		{C27AEAD5-8ACD-4303-894C-49EA4E75B04A}.Release|Any CPU.ActiveCfg = Release|Any CPU
		{C27AEAD5-8ACD-4303-894C-49EA4E75B04A}.Release|Any CPU.Build.0 = Release|Any CPU
		{70D3ECC6-65EC-4006-AA41-85896CC6B258}.Debug|Any CPU.ActiveCfg = Debug|Any CPU
		{70D3ECC6-65EC-4006-AA41-85896CC6B258}.Debug|Any CPU.Build.0 = Debug|Any CPU
		{70D3ECC6-65EC-4006-AA41-85896CC6B258}.Release|Any CPU.ActiveCfg = Release|Any CPU
		{70D3ECC6-65EC-4006-AA41-85896CC6B258}.Release|Any CPU.Build.0 = Release|Any CPU
		{58DB3DDF-4094-4F55-B419-968A6BACED52}.Debug|Any CPU.ActiveCfg = Debug|Any CPU
		{58DB3DDF-4094-4F55-B419-968A6BACED52}.Debug|Any CPU.Build.0 = Debug|Any CPU
		{58DB3DDF-4094-4F55-B419-968A6BACED52}.Release|Any CPU.ActiveCfg = Release|Any CPU
		{58DB3DDF-4094-4F55-B419-968A6BACED52}.Release|Any CPU.Build.0 = Release|Any CPU
		{5CA5B3BE-9703-4F09-A42B-9795C113180F}.Debug|Any CPU.ActiveCfg = Debug|Any CPU
		{5CA5B3BE-9703-4F09-A42B-9795C113180F}.Debug|Any CPU.Build.0 = Debug|Any CPU
		{5CA5B3BE-9703-4F09-A42B-9795C113180F}.Release|Any CPU.ActiveCfg = Release|Any CPU
		{5CA5B3BE-9703-4F09-A42B-9795C113180F}.Release|Any CPU.Build.0 = Release|Any CPU
		{DDFC77F9-FD9F-43B7-98D0-489978CD3E8E}.Debug|Any CPU.ActiveCfg = Debug|Any CPU
		{DDFC77F9-FD9F-43B7-98D0-489978CD3E8E}.Debug|Any CPU.Build.0 = Debug|Any CPU
		{DDFC77F9-FD9F-43B7-98D0-489978CD3E8E}.Release|Any CPU.ActiveCfg = Release|Any CPU
		{DDFC77F9-FD9F-43B7-98D0-489978CD3E8E}.Release|Any CPU.Build.0 = Release|Any CPU
		{DDACF2A6-B81F-4C61-8545-F3740E5FFC34}.Debug|Any CPU.ActiveCfg = Debug|Any CPU
		{DDACF2A6-B81F-4C61-8545-F3740E5FFC34}.Debug|Any CPU.Build.0 = Debug|Any CPU
		{DDACF2A6-B81F-4C61-8545-F3740E5FFC34}.Release|Any CPU.ActiveCfg = Release|Any CPU
		{DDACF2A6-B81F-4C61-8545-F3740E5FFC34}.Release|Any CPU.Build.0 = Release|Any CPU
		{DA5FDF9F-CBEB-4E55-B1D8-981D97999EB4}.Debug|Any CPU.ActiveCfg = Debug|Any CPU
		{DA5FDF9F-CBEB-4E55-B1D8-981D97999EB4}.Debug|Any CPU.Build.0 = Debug|Any CPU
		{DA5FDF9F-CBEB-4E55-B1D8-981D97999EB4}.Release|Any CPU.ActiveCfg = Release|Any CPU
		{DA5FDF9F-CBEB-4E55-B1D8-981D97999EB4}.Release|Any CPU.Build.0 = Release|Any CPU
		{17911799-8F64-4F1A-A669-9E911F9524BE}.Debug|Any CPU.ActiveCfg = Debug|Any CPU
		{17911799-8F64-4F1A-A669-9E911F9524BE}.Debug|Any CPU.Build.0 = Debug|Any CPU
		{17911799-8F64-4F1A-A669-9E911F9524BE}.Release|Any CPU.ActiveCfg = Release|Any CPU
		{17911799-8F64-4F1A-A669-9E911F9524BE}.Release|Any CPU.Build.0 = Release|Any CPU
		{355D96E5-7FFA-4A78-9098-7D50FE86BC36}.Debug|Any CPU.ActiveCfg = Debug|Any CPU
		{355D96E5-7FFA-4A78-9098-7D50FE86BC36}.Debug|Any CPU.Build.0 = Debug|Any CPU
		{355D96E5-7FFA-4A78-9098-7D50FE86BC36}.Release|Any CPU.ActiveCfg = Release|Any CPU
		{355D96E5-7FFA-4A78-9098-7D50FE86BC36}.Release|Any CPU.Build.0 = Release|Any CPU
		{1A893B5B-FB9A-43E5-82E4-C2BF58A00EB3}.Debug|Any CPU.ActiveCfg = Debug|Any CPU
		{1A893B5B-FB9A-43E5-82E4-C2BF58A00EB3}.Debug|Any CPU.Build.0 = Debug|Any CPU
		{1A893B5B-FB9A-43E5-82E4-C2BF58A00EB3}.Release|Any CPU.ActiveCfg = Release|Any CPU
		{1A893B5B-FB9A-43E5-82E4-C2BF58A00EB3}.Release|Any CPU.Build.0 = Release|Any CPU
		{8099DFDE-0587-4079-BE6D-94B147565D98}.Debug|Any CPU.ActiveCfg = Debug|Any CPU
		{8099DFDE-0587-4079-BE6D-94B147565D98}.Debug|Any CPU.Build.0 = Debug|Any CPU
		{8099DFDE-0587-4079-BE6D-94B147565D98}.Release|Any CPU.ActiveCfg = Release|Any CPU
		{8099DFDE-0587-4079-BE6D-94B147565D98}.Release|Any CPU.Build.0 = Release|Any CPU
		{5B6F51FB-D30C-4699-8C31-37579DE6D5AC}.Debug|Any CPU.ActiveCfg = Debug|Any CPU
		{5B6F51FB-D30C-4699-8C31-37579DE6D5AC}.Debug|Any CPU.Build.0 = Debug|Any CPU
		{5B6F51FB-D30C-4699-8C31-37579DE6D5AC}.Release|Any CPU.ActiveCfg = Release|Any CPU
		{5B6F51FB-D30C-4699-8C31-37579DE6D5AC}.Release|Any CPU.Build.0 = Release|Any CPU
	EndGlobalSection
	GlobalSection(SolutionProperties) = preSolution
		HideSolutionNode = FALSE
	EndGlobalSection
	GlobalSection(NestedProjects) = preSolution
		{359DE6F9-BE7C-4C21-83E2-5C2D222FD6E7} = {BD439EB7-ED82-4425-98C4-A1E0336FC1DF}
		{719AEF9B-E2BD-4456-BF18-14CD54DC5216} = {359DE6F9-BE7C-4C21-83E2-5C2D222FD6E7}
		{DBC79B3F-2515-4CDF-AF43-FD77AA2CDF2F} = {719AEF9B-E2BD-4456-BF18-14CD54DC5216}
		{4EAE5608-5CD2-4A63-B384-8011BABC7AD7} = {359DE6F9-BE7C-4C21-83E2-5C2D222FD6E7}
		{3E97A936-F2CA-4B7A-BD53-0101EE89D19A} = {4EAE5608-5CD2-4A63-B384-8011BABC7AD7}
		{19FED166-C761-4033-B6A3-C339D3709108} = {5307C6B0-4876-4446-BEA4-34B175F176A3}
		{D70277AF-522A-4905-8A76-3B2DFFC92148} = {359DE6F9-BE7C-4C21-83E2-5C2D222FD6E7}
		{58B4389E-A0DE-484F-8633-055E661B8ADC} = {D70277AF-522A-4905-8A76-3B2DFFC92148}
		{F3DF759B-AA96-47E9-9BCA-8D21CD1584E4} = {D70277AF-522A-4905-8A76-3B2DFFC92148}
		{A66DB3D4-2F9B-4833-B4CB-E957B8F360E6} = {D70277AF-522A-4905-8A76-3B2DFFC92148}
		{DBF04E49-D80A-4CA8-9536-385112CF81F2} = {D70277AF-522A-4905-8A76-3B2DFFC92148}
		{FDC3735D-7767-4A76-91C7-A535BE683C12} = {D70277AF-522A-4905-8A76-3B2DFFC92148}
		{11563044-F8BD-45EC-9726-1BDDD2E43FF7} = {359DE6F9-BE7C-4C21-83E2-5C2D222FD6E7}
		{6358F502-0EA2-46BD-B7B1-1EEB41CBC9F4} = {11563044-F8BD-45EC-9726-1BDDD2E43FF7}
		{EA04C1AB-9EFC-40D5-8EBA-BEF763EE663C} = {11563044-F8BD-45EC-9726-1BDDD2E43FF7}
		{C27AEAD5-8ACD-4303-894C-49EA4E75B04A} = {11563044-F8BD-45EC-9726-1BDDD2E43FF7}
		{70D3ECC6-65EC-4006-AA41-85896CC6B258} = {11563044-F8BD-45EC-9726-1BDDD2E43FF7}
		{5307C6B0-4876-4446-BEA4-34B175F176A3} = {BD439EB7-ED82-4425-98C4-A1E0336FC1DF}
		{58DB3DDF-4094-4F55-B419-968A6BACED52} = {5307C6B0-4876-4446-BEA4-34B175F176A3}
		{80AB551D-7443-48D4-A304-072787EECBC9} = {BD439EB7-ED82-4425-98C4-A1E0336FC1DF}
		{5CA5B3BE-9703-4F09-A42B-9795C113180F} = {80AB551D-7443-48D4-A304-072787EECBC9}
		{DDFC77F9-FD9F-43B7-98D0-489978CD3E8E} = {80AB551D-7443-48D4-A304-072787EECBC9}
		{4400B70E-A08E-4732-B88E-9888B7A59251} = {BD439EB7-ED82-4425-98C4-A1E0336FC1DF}
		{DDACF2A6-B81F-4C61-8545-F3740E5FFC34} = {4400B70E-A08E-4732-B88E-9888B7A59251}
		{DA5FDF9F-CBEB-4E55-B1D8-981D97999EB4} = {4400B70E-A08E-4732-B88E-9888B7A59251}
		{1008D1F8-98B7-4082-97A0-D35FA16DE084} = {359DE6F9-BE7C-4C21-83E2-5C2D222FD6E7}
		{17911799-8F64-4F1A-A669-9E911F9524BE} = {1008D1F8-98B7-4082-97A0-D35FA16DE084}
		{2146BBAA-9CB3-427D-ABF9-AC36CE07E4D3} = {359DE6F9-BE7C-4C21-83E2-5C2D222FD6E7}
		{355D96E5-7FFA-4A78-9098-7D50FE86BC36} = {2146BBAA-9CB3-427D-ABF9-AC36CE07E4D3}
		{1A893B5B-FB9A-43E5-82E4-C2BF58A00EB3} = {2146BBAA-9CB3-427D-ABF9-AC36CE07E4D3}
		{8099DFDE-0587-4079-BE6D-94B147565D98} = {2146BBAA-9CB3-427D-ABF9-AC36CE07E4D3}
		{5B6F51FB-D30C-4699-8C31-37579DE6D5AC} = {F5B66BA9-C5B7-4472-BC01-3F1A13B42AA3}
	EndGlobalSection
	GlobalSection(ExtensibilityGlobals) = postSolution
		SolutionGuid = {AF6217DF-5229-44C5-9837-CD78DBB9A183}
	EndGlobalSection
EndGlobal
